Microsoft Visual Studio Solution File, Format Version 12.00
# Visual Studio Version 16
VisualStudioVersion = 16.0.0.0
MinimumVisualStudioVersion = 16.0.0.0
Project("{9A19103F-16F7-4668-BE54-9A1E7A4F7556}") = "Intrepion.EmployeeManagers", "Intrepion.EmployeeManagers\Intrepion.EmployeeManagers.csproj", "{00A15A44-4F3B-42CA-A431-3574DE049AAA}"
EndProject
Project("{9A19103F-16F7-4668-BE54-9A1E7A4F7556}") = "Intrepion.EmployeeManagers.Client", "Intrepion.EmployeeManagers.Client\Intrepion.EmployeeManagers.Client.csproj", "{E9BF6022-686E-490F-ACAD-D7343857D2AF}"
EndProject
Project("{FAE04EC0-301F-11D3-BF4B-00C04F79EFBC}") = "Intrepion.EmployeeManagers.AcceptanceTests", "Intrepion.EmployeeManagers.AcceptanceTests\Intrepion.EmployeeManagers.AcceptanceTests.csproj", "{9A38E2A4-5FE2-4160-808D-43480AE95145}"
EndProject
Project("{FAE04EC0-301F-11D3-BF4B-00C04F79EFBC}") = "Intrepion.EmployeeManagers.BusinessLogic", "Intrepion.EmployeeManagers.BusinessLogic\Intrepion.EmployeeManagers.BusinessLogic.csproj", "{6045F84F-C98B-4A89-8CAA-DDB3B7BAE122}"
EndProject
Project("{FAE04EC0-301F-11D3-BF4B-00C04F79EFBC}") = "Intrepion.EmployeeManagers.BusinessLogic.UnitTests", "Intrepion.EmployeeManagers.BusinessLogic.UnitTests\Intrepion.EmployeeManagers.BusinessLogic.UnitTests.csproj", "{E8EE43EE-756F-47EF-921B-C44D94A2CE30}"
EndProject
Project("{FAE04EC0-301F-11D3-BF4B-00C04F79EFBC}") = "Intrepion.EmployeeManagers.Client.ComponentTests", "Intrepion.EmployeeManagers.Client.ComponentTests\Intrepion.EmployeeManagers.Client.ComponentTests.csproj", "{736A9C0A-26E5-4BBD-8487-4A9290B2917C}"
EndProject
Project("{FAE04EC0-301F-11D3-BF4B-00C04F79EFBC}") = "Intrepion.EmployeeManagers.ConsoleProject", "Intrepion.EmployeeManagers.ConsoleProject\Intrepion.EmployeeManagers.ConsoleProject.csproj", "{583E5B8F-45FF-43DB-8B93-6734FF777B4E}"
EndProject
Global
	GlobalSection(SolutionConfigurationPlatforms) = preSolution
		Debug|Any CPU = Debug|Any CPU
		Debug|x64 = Debug|x64
		Debug|x86 = Debug|x86
		Release|Any CPU = Release|Any CPU
		Release|x64 = Release|x64
		Release|x86 = Release|x86
	EndGlobalSection
	GlobalSection(ProjectConfigurationPlatforms) = postSolution
		{E9BF6022-686E-490F-ACAD-D7343857D2AF}.Debug|Any CPU.ActiveCfg = Debug|Any CPU
		{E9BF6022-686E-490F-ACAD-D7343857D2AF}.Debug|Any CPU.Build.0 = Debug|Any CPU
		{E9BF6022-686E-490F-ACAD-D7343857D2AF}.Debug|x64.ActiveCfg = Debug|Any CPU
		{E9BF6022-686E-490F-ACAD-D7343857D2AF}.Debug|x64.Build.0 = Debug|Any CPU
		{E9BF6022-686E-490F-ACAD-D7343857D2AF}.Debug|x86.ActiveCfg = Debug|Any CPU
		{E9BF6022-686E-490F-ACAD-D7343857D2AF}.Debug|x86.Build.0 = Debug|Any CPU
		{E9BF6022-686E-490F-ACAD-D7343857D2AF}.Release|Any CPU.ActiveCfg = Release|Any CPU
		{E9BF6022-686E-490F-ACAD-D7343857D2AF}.Release|Any CPU.Build.0 = Release|Any CPU
		{E9BF6022-686E-490F-ACAD-D7343857D2AF}.Release|x64.ActiveCfg = Release|Any CPU
		{E9BF6022-686E-490F-ACAD-D7343857D2AF}.Release|x64.Build.0 = Release|Any CPU
		{E9BF6022-686E-490F-ACAD-D7343857D2AF}.Release|x86.ActiveCfg = Release|Any CPU
		{E9BF6022-686E-490F-ACAD-D7343857D2AF}.Release|x86.Build.0 = Release|Any CPU
		{00A15A44-4F3B-42CA-A431-3574DE049AAA}.Debug|Any CPU.ActiveCfg = Debug|Any CPU
		{00A15A44-4F3B-42CA-A431-3574DE049AAA}.Debug|Any CPU.Build.0 = Debug|Any CPU
		{00A15A44-4F3B-42CA-A431-3574DE049AAA}.Debug|x64.ActiveCfg = Debug|Any CPU
		{00A15A44-4F3B-42CA-A431-3574DE049AAA}.Debug|x64.Build.0 = Debug|Any CPU
		{00A15A44-4F3B-42CA-A431-3574DE049AAA}.Debug|x86.ActiveCfg = Debug|Any CPU
		{00A15A44-4F3B-42CA-A431-3574DE049AAA}.Debug|x86.Build.0 = Debug|Any CPU
		{00A15A44-4F3B-42CA-A431-3574DE049AAA}.Release|Any CPU.ActiveCfg = Release|Any CPU
		{00A15A44-4F3B-42CA-A431-3574DE049AAA}.Release|Any CPU.Build.0 = Release|Any CPU
		{00A15A44-4F3B-42CA-A431-3574DE049AAA}.Release|x64.ActiveCfg = Release|Any CPU
		{00A15A44-4F3B-42CA-A431-3574DE049AAA}.Release|x64.Build.0 = Release|Any CPU
		{00A15A44-4F3B-42CA-A431-3574DE049AAA}.Release|x86.ActiveCfg = Release|Any CPU
		{00A15A44-4F3B-42CA-A431-3574DE049AAA}.Release|x86.Build.0 = Release|Any CPU
		{9A38E2A4-5FE2-4160-808D-43480AE95145}.Debug|Any CPU.ActiveCfg = Debug|Any CPU
		{9A38E2A4-5FE2-4160-808D-43480AE95145}.Debug|Any CPU.Build.0 = Debug|Any CPU
		{9A38E2A4-5FE2-4160-808D-43480AE95145}.Debug|x64.ActiveCfg = Debug|Any CPU
		{9A38E2A4-5FE2-4160-808D-43480AE95145}.Debug|x64.Build.0 = Debug|Any CPU
		{9A38E2A4-5FE2-4160-808D-43480AE95145}.Debug|x86.ActiveCfg = Debug|Any CPU
		{9A38E2A4-5FE2-4160-808D-43480AE95145}.Debug|x86.Build.0 = Debug|Any CPU
		{9A38E2A4-5FE2-4160-808D-43480AE95145}.Release|Any CPU.ActiveCfg = Release|Any CPU
		{9A38E2A4-5FE2-4160-808D-43480AE95145}.Release|Any CPU.Build.0 = Release|Any CPU
		{9A38E2A4-5FE2-4160-808D-43480AE95145}.Release|x64.ActiveCfg = Release|Any CPU
		{9A38E2A4-5FE2-4160-808D-43480AE95145}.Release|x64.Build.0 = Release|Any CPU
		{9A38E2A4-5FE2-4160-808D-43480AE95145}.Release|x86.ActiveCfg = Release|Any CPU
		{9A38E2A4-5FE2-4160-808D-43480AE95145}.Release|x86.Build.0 = Release|Any CPU
		{6045F84F-C98B-4A89-8CAA-DDB3B7BAE122}.Debug|Any CPU.ActiveCfg = Debug|Any CPU
		{6045F84F-C98B-4A89-8CAA-DDB3B7BAE122}.Debug|Any CPU.Build.0 = Debug|Any CPU
		{6045F84F-C98B-4A89-8CAA-DDB3B7BAE122}.Debug|x64.ActiveCfg = Debug|Any CPU
		{6045F84F-C98B-4A89-8CAA-DDB3B7BAE122}.Debug|x64.Build.0 = Debug|Any CPU
		{6045F84F-C98B-4A89-8CAA-DDB3B7BAE122}.Debug|x86.ActiveCfg = Debug|Any CPU
		{6045F84F-C98B-4A89-8CAA-DDB3B7BAE122}.Debug|x86.Build.0 = Debug|Any CPU
		{6045F84F-C98B-4A89-8CAA-DDB3B7BAE122}.Release|Any CPU.ActiveCfg = Release|Any CPU
		{6045F84F-C98B-4A89-8CAA-DDB3B7BAE122}.Release|Any CPU.Build.0 = Release|Any CPU
		{6045F84F-C98B-4A89-8CAA-DDB3B7BAE122}.Release|x64.ActiveCfg = Release|Any CPU
		{6045F84F-C98B-4A89-8CAA-DDB3B7BAE122}.Release|x64.Build.0 = Release|Any CPU
		{6045F84F-C98B-4A89-8CAA-DDB3B7BAE122}.Release|x86.ActiveCfg = Release|Any CPU
		{6045F84F-C98B-4A89-8CAA-DDB3B7BAE122}.Release|x86.Build.0 = Release|Any CPU
		{E8EE43EE-756F-47EF-921B-C44D94A2CE30}.Debug|Any CPU.ActiveCfg = Debug|Any CPU
		{E8EE43EE-756F-47EF-921B-C44D94A2CE30}.Debug|Any CPU.Build.0 = Debug|Any CPU
		{E8EE43EE-756F-47EF-921B-C44D94A2CE30}.Debug|x64.ActiveCfg = Debug|Any CPU
		{E8EE43EE-756F-47EF-921B-C44D94A2CE30}.Debug|x64.Build.0 = Debug|Any CPU
		{E8EE43EE-756F-47EF-921B-C44D94A2CE30}.Debug|x86.ActiveCfg = Debug|Any CPU
		{E8EE43EE-756F-47EF-921B-C44D94A2CE30}.Debug|x86.Build.0 = Debug|Any CPU
		{E8EE43EE-756F-47EF-921B-C44D94A2CE30}.Release|Any CPU.ActiveCfg = Release|Any CPU
		{E8EE43EE-756F-47EF-921B-C44D94A2CE30}.Release|Any CPU.Build.0 = Release|Any CPU
		{E8EE43EE-756F-47EF-921B-C44D94A2CE30}.Release|x64.ActiveCfg = Release|Any CPU
		{E8EE43EE-756F-47EF-921B-C44D94A2CE30}.Release|x64.Build.0 = Release|Any CPU
		{E8EE43EE-756F-47EF-921B-C44D94A2CE30}.Release|x86.ActiveCfg = Release|Any CPU
		{E8EE43EE-756F-47EF-921B-C44D94A2CE30}.Release|x86.Build.0 = Release|Any CPU
		{736A9C0A-26E5-4BBD-8487-4A9290B2917C}.Debug|Any CPU.ActiveCfg = Debug|Any CPU
		{736A9C0A-26E5-4BBD-8487-4A9290B2917C}.Debug|Any CPU.Build.0 = Debug|Any CPU
		{736A9C0A-26E5-4BBD-8487-4A9290B2917C}.Debug|x64.ActiveCfg = Debug|Any CPU
		{736A9C0A-26E5-4BBD-8487-4A9290B2917C}.Debug|x64.Build.0 = Debug|Any CPU
		{736A9C0A-26E5-4BBD-8487-4A9290B2917C}.Debug|x86.ActiveCfg = Debug|Any CPU
		{736A9C0A-26E5-4BBD-8487-4A9290B2917C}.Debug|x86.Build.0 = Debug|Any CPU
		{736A9C0A-26E5-4BBD-8487-4A9290B2917C}.Release|Any CPU.ActiveCfg = Release|Any CPU
		{736A9C0A-26E5-4BBD-8487-4A9290B2917C}.Release|Any CPU.Build.0 = Release|Any CPU
		{736A9C0A-26E5-4BBD-8487-4A9290B2917C}.Release|x64.ActiveCfg = Release|Any CPU
		{736A9C0A-26E5-4BBD-8487-4A9290B2917C}.Release|x64.Build.0 = Release|Any CPU
		{736A9C0A-26E5-4BBD-8487-4A9290B2917C}.Release|x86.ActiveCfg = Release|Any CPU
		{736A9C0A-26E5-4BBD-8487-4A9290B2917C}.Release|x86.Build.0 = Release|Any CPU
		{583E5B8F-45FF-43DB-8B93-6734FF777B4E}.Debug|Any CPU.ActiveCfg = Debug|Any CPU
		{583E5B8F-45FF-43DB-8B93-6734FF777B4E}.Debug|Any CPU.Build.0 = Debug|Any CPU
		{583E5B8F-45FF-43DB-8B93-6734FF777B4E}.Debug|x64.ActiveCfg = Debug|Any CPU
		{583E5B8F-45FF-43DB-8B93-6734FF777B4E}.Debug|x64.Build.0 = Debug|Any CPU
		{583E5B8F-45FF-43DB-8B93-6734FF777B4E}.Debug|x86.ActiveCfg = Debug|Any CPU
		{583E5B8F-45FF-43DB-8B93-6734FF777B4E}.Debug|x86.Build.0 = Debug|Any CPU
		{583E5B8F-45FF-43DB-8B93-6734FF777B4E}.Release|Any CPU.ActiveCfg = Release|Any CPU
		{583E5B8F-45FF-43DB-8B93-6734FF777B4E}.Release|Any CPU.Build.0 = Release|Any CPU
		{583E5B8F-45FF-43DB-8B93-6734FF777B4E}.Release|x64.ActiveCfg = Release|Any CPU
		{583E5B8F-45FF-43DB-8B93-6734FF777B4E}.Release|x64.Build.0 = Release|Any CPU
		{583E5B8F-45FF-43DB-8B93-6734FF777B4E}.Release|x86.ActiveCfg = Release|Any CPU
		{583E5B8F-45FF-43DB-8B93-6734FF777B4E}.Release|x86.Build.0 = Release|Any CPU
	EndGlobalSection
	GlobalSection(SolutionProperties) = preSolution
		HideSolutionNode = FALSE
	EndGlobalSection
	GlobalSection(ExtensibilityGlobals) = postSolution
		SolutionGuid = {61A5031B-BE9C-4450-AADD-3D3F3C971B8E}
	EndGlobalSection
EndGlobal
